
Microsoft Visual Studio Solution File, Format Version 12.00
# Visual Studio Version 17
VisualStudioVersion = 17.5.002.0
MinimumVisualStudioVersion = 10.0.40219.1
Project("{9A19103F-16F7-4668-BE54-9A1E7A4F7556}") = "CoreService", "CoreService.csproj", "{C98A3675-AD61-470E-9EC6-86F7350C8B6F}"
EndProject
Global
	GlobalSection(SolutionConfigurationPlatforms) = preSolution
		Debug|Any CPU = Debug|Any CPU
		Release|Any CPU = Release|Any CPU
	EndGlobalSection
	GlobalSection(ProjectConfigurationPlatforms) = postSolution
		{C98A3675-AD61-470E-9EC6-86F7350C8B6F}.Debug|Any CPU.ActiveCfg = Debug|Any CPU
		{C98A3675-AD61-470E-9EC6-86F7350C8B6F}.Debug|Any CPU.Build.0 = Debug|Any CPU
		{C98A3675-AD61-470E-9EC6-86F7350C8B6F}.Release|Any CPU.ActiveCfg = Release|Any CPU
		{C98A3675-AD61-470E-9EC6-86F7350C8B6F}.Release|Any CPU.Build.0 = Release|Any CPU
	EndGlobalSection
	GlobalSection(SolutionProperties) = preSolution
		HideSolutionNode = FALSE
	EndGlobalSection
	GlobalSection(ExtensibilityGlobals) = postSolution
		SolutionGuid = {5D6D91C7-C8DB-49BA-BA6E-5FF3C73BD5CD}
	EndGlobalSection
EndGlobal
